
Microsoft Visual Studio Solution File, Format Version 12.00
# Visual Studio Version 17
VisualStudioVersion = 17.6.33829.357
MinimumVisualStudioVersion = 10.0.40219.1
Project("{FAE04EC0-301F-11D3-BF4B-00C04F79EFBC}") = "ProductReviewManagement", "ProductReviewManagement.csproj", "{8D9D0DA9-093E-4631-BBB2-E69C1B550E3A}"
EndProject
Global
	GlobalSection(SolutionConfigurationPlatforms) = preSolution
		Debug|Any CPU = Debug|Any CPU
		Release|Any CPU = Release|Any CPU
	EndGlobalSection
	GlobalSection(ProjectConfigurationPlatforms) = postSolution
		{8D9D0DA9-093E-4631-BBB2-E69C1B550E3A}.Debug|Any CPU.ActiveCfg = Debug|Any CPU
		{8D9D0DA9-093E-4631-BBB2-E69C1B550E3A}.Debug|Any CPU.Build.0 = Debug|Any CPU
		{8D9D0DA9-093E-4631-BBB2-E69C1B550E3A}.Release|Any CPU.ActiveCfg = Release|Any CPU
		{8D9D0DA9-093E-4631-BBB2-E69C1B550E3A}.Release|Any CPU.Build.0 = Release|Any CPU
	EndGlobalSection
	GlobalSection(SolutionProperties) = preSolution
		HideSolutionNode = FALSE
	EndGlobalSection
	GlobalSection(ExtensibilityGlobals) = postSolution
		SolutionGuid = {645F4BE5-7173-4C3E-B465-B933BFDEB57D}
	EndGlobalSection
EndGlobal
